
Microsoft Visual Studio Solution File, Format Version 12.00
# Visual Studio 15
VisualStudioVersion = 15.0.26430.15
MinimumVisualStudioVersion = 10.0.40219.1
Project("{FAE04EC0-301F-11D3-BF4B-00C04F79EFBC}") = "MovieNET", "MovieNET\MovieNET.csproj", "{3B2E03B7-CDA2-4A69-9F62-3EE54581AB2B}"
EndProject
Project("{FAE04EC0-301F-11D3-BF4B-00C04F79EFBC}") = "MovieNetWpf", "MovieNetWpf\MovieNetWpf.csproj", "{51CF62F4-F3AA-448F-8121-7529766EA8F3}"
	ProjectSection(ProjectDependencies) = postProject
		{7FE986C3-211A-4E6A-BE93-64D7BA2E06AE} = {7FE986C3-211A-4E6A-BE93-64D7BA2E06AE}
	EndProjectSection
EndProject
Project("{FAE04EC0-301F-11D3-BF4B-00C04F79EFBC}") = "MovieNetWcf", "MovieNetWcf\MovieNetWcf.csproj", "{7FE986C3-211A-4E6A-BE93-64D7BA2E06AE}"
EndProject
Global
	GlobalSection(SolutionConfigurationPlatforms) = preSolution
		Debug|Any CPU = Debug|Any CPU
		Release|Any CPU = Release|Any CPU
	EndGlobalSection
	GlobalSection(ProjectConfigurationPlatforms) = postSolution
		{3B2E03B7-CDA2-4A69-9F62-3EE54581AB2B}.Debug|Any CPU.ActiveCfg = Debug|Any CPU
		{3B2E03B7-CDA2-4A69-9F62-3EE54581AB2B}.Debug|Any CPU.Build.0 = Debug|Any CPU
		{3B2E03B7-CDA2-4A69-9F62-3EE54581AB2B}.Release|Any CPU.ActiveCfg = Release|Any CPU
		{3B2E03B7-CDA2-4A69-9F62-3EE54581AB2B}.Release|Any CPU.Build.0 = Release|Any CPU
		{51CF62F4-F3AA-448F-8121-7529766EA8F3}.Debug|Any CPU.ActiveCfg = Debug|Any CPU
		{51CF62F4-F3AA-448F-8121-7529766EA8F3}.Debug|Any CPU.Build.0 = Debug|Any CPU
		{51CF62F4-F3AA-448F-8121-7529766EA8F3}.Release|Any CPU.ActiveCfg = Release|Any CPU
		{51CF62F4-F3AA-448F-8121-7529766EA8F3}.Release|Any CPU.Build.0 = Release|Any CPU
		{7FE986C3-211A-4E6A-BE93-64D7BA2E06AE}.Debug|Any CPU.ActiveCfg = Debug|Any CPU
		{7FE986C3-211A-4E6A-BE93-64D7BA2E06AE}.Debug|Any CPU.Build.0 = Debug|Any CPU
		{7FE986C3-211A-4E6A-BE93-64D7BA2E06AE}.Release|Any CPU.ActiveCfg = Release|Any CPU
		{7FE986C3-211A-4E6A-BE93-64D7BA2E06AE}.Release|Any CPU.Build.0 = Release|Any CPU
	EndGlobalSection
	GlobalSection(SolutionProperties) = preSolution
		HideSolutionNode = FALSE
	EndGlobalSection
EndGlobal
